
Microsoft Visual Studio Solution File, Format Version 12.00
# Visual Studio 15
VisualStudioVersion = 15.0.27703.2000
MinimumVisualStudioVersion = 10.0.40219.1
Project("{2150E333-8FDC-42A3-9474-1A3956D46DE8}") = "0 - Presentation", "0 - Presentation", "{58CA0567-5BEF-468F-BC8E-04671EC93324}"
EndProject
Project("{2150E333-8FDC-42A3-9474-1A3956D46DE8}") = "1 - Application", "1 - Application", "{361A7DAF-F1B3-4BB8-BDC2-704182AAB70D}"
EndProject
Project("{2150E333-8FDC-42A3-9474-1A3956D46DE8}") = "2 - Domain", "2 - Domain", "{DECE510F-BC13-4E42-AA80-0AF2C0AB276A}"
EndProject
Project("{2150E333-8FDC-42A3-9474-1A3956D46DE8}") = "3 - Infrastructure", "3 - Infrastructure", "{FC985DCB-A493-4F2C-A769-CCC4E9EA3160}"
EndProject
Project("{9A19103F-16F7-4668-BE54-9A1E7A4F7556}") = "DomainModel", "DomainModel\DomainModel.csproj", "{E385B05C-D766-4D63-BFEF-F8E99AC9CCC3}"
EndProject
Project("{9A19103F-16F7-4668-BE54-9A1E7A4F7556}") = "DomainService", "DomainService\DomainService.csproj", "{0B852994-A189-4BC2-9C12-E5C5CBD46D43}"
EndProject
Project("{9A19103F-16F7-4668-BE54-9A1E7A4F7556}") = "Data", "Data\Data.csproj", "{5A5260A7-82D8-4E9D-B84F-EC98C8BFAA3D}"
EndProject
Project("{2150E333-8FDC-42A3-9474-1A3956D46DE8}") = "Mobile", "Mobile", "{A7FF4D7C-6EDD-4A0A-954D-01F710B1A80A}"
EndProject
Project("{FAE04EC0-301F-11D3-BF4B-00C04F79EFBC}") = "AmazingNotes.Android", "AmazingNotes\AmazingNotes.Android\AmazingNotes.Android.csproj", "{A4F44CAD-276F-45CA-A4A9-FD1EF1E679F5}"
EndProject
Project("{FAE04EC0-301F-11D3-BF4B-00C04F79EFBC}") = "AmazingNotes.iOS", "AmazingNotes\AmazingNotes.iOS\AmazingNotes.iOS.csproj", "{F45326F2-9C15-4313-B510-15B927CB7791}"
EndProject
Project("{FAE04EC0-301F-11D3-BF4B-00C04F79EFBC}") = "AmazingNotes.UWP", "AmazingNotes\AmazingNotes.UWP\AmazingNotes.UWP.csproj", "{AE65D545-F26C-4026-A993-CFD1D37B2104}"
EndProject
Project("{9A19103F-16F7-4668-BE54-9A1E7A4F7556}") = "AmazingNotes", "AmazingNotes\AmazingNotes\AmazingNotes.csproj", "{B5BCA6D5-3A11-479D-B83E-D0D73E5CBEEA}"
	ProjectSection(ProjectDependencies) = postProject
		{E385B05C-D766-4D63-BFEF-F8E99AC9CCC3} = {E385B05C-D766-4D63-BFEF-F8E99AC9CCC3}
		{5A5260A7-82D8-4E9D-B84F-EC98C8BFAA3D} = {5A5260A7-82D8-4E9D-B84F-EC98C8BFAA3D}
	EndProjectSection
EndProject
Project("{9A19103F-16F7-4668-BE54-9A1E7A4F7556}") = "ToDoListApp", "ToDoListApp\ToDoListApp.csproj", "{86207912-A307-4E96-B11B-E575638B2F77}"
EndProject
Project("{FAE04EC0-301F-11D3-BF4B-00C04F79EFBC}") = "ToDoListWebAPI", "ToDoListWebAPI\ToDoListWebAPI.csproj", "{064F4F3A-20F0-43FC-B02B-FB4373EB3192}"
EndProject
Global
	GlobalSection(SolutionConfigurationPlatforms) = preSolution
		Ad-Hoc|Any CPU = Ad-Hoc|Any CPU
		Ad-Hoc|ARM = Ad-Hoc|ARM
		Ad-Hoc|iPhone = Ad-Hoc|iPhone
		Ad-Hoc|iPhoneSimulator = Ad-Hoc|iPhoneSimulator
		Ad-Hoc|x64 = Ad-Hoc|x64
		Ad-Hoc|x86 = Ad-Hoc|x86
		AppStore|Any CPU = AppStore|Any CPU
		AppStore|ARM = AppStore|ARM
		AppStore|iPhone = AppStore|iPhone
		AppStore|iPhoneSimulator = AppStore|iPhoneSimulator
		AppStore|x64 = AppStore|x64
		AppStore|x86 = AppStore|x86
		Debug|Any CPU = Debug|Any CPU
		Debug|ARM = Debug|ARM
		Debug|iPhone = Debug|iPhone
		Debug|iPhoneSimulator = Debug|iPhoneSimulator
		Debug|x64 = Debug|x64
		Debug|x86 = Debug|x86
		Release|Any CPU = Release|Any CPU
		Release|ARM = Release|ARM
		Release|iPhone = Release|iPhone
		Release|iPhoneSimulator = Release|iPhoneSimulator
		Release|x64 = Release|x64
		Release|x86 = Release|x86
	EndGlobalSection
	GlobalSection(ProjectConfigurationPlatforms) = postSolution
		{E385B05C-D766-4D63-BFEF-F8E99AC9CCC3}.Ad-Hoc|Any CPU.ActiveCfg = Debug|Any CPU
		{E385B05C-D766-4D63-BFEF-F8E99AC9CCC3}.Ad-Hoc|Any CPU.Build.0 = Debug|Any CPU
		{E385B05C-D766-4D63-BFEF-F8E99AC9CCC3}.Ad-Hoc|ARM.ActiveCfg = Debug|Any CPU
		{E385B05C-D766-4D63-BFEF-F8E99AC9CCC3}.Ad-Hoc|ARM.Build.0 = Debug|Any CPU
		{E385B05C-D766-4D63-BFEF-F8E99AC9CCC3}.Ad-Hoc|iPhone.ActiveCfg = Debug|Any CPU
		{E385B05C-D766-4D63-BFEF-F8E99AC9CCC3}.Ad-Hoc|iPhone.Build.0 = Debug|Any CPU
		{E385B05C-D766-4D63-BFEF-F8E99AC9CCC3}.Ad-Hoc|iPhoneSimulator.ActiveCfg = Debug|Any CPU
		{E385B05C-D766-4D63-BFEF-F8E99AC9CCC3}.Ad-Hoc|iPhoneSimulator.Build.0 = Debug|Any CPU
		{E385B05C-D766-4D63-BFEF-F8E99AC9CCC3}.Ad-Hoc|x64.ActiveCfg = Debug|Any CPU
		{E385B05C-D766-4D63-BFEF-F8E99AC9CCC3}.Ad-Hoc|x64.Build.0 = Debug|Any CPU
		{E385B05C-D766-4D63-BFEF-F8E99AC9CCC3}.Ad-Hoc|x86.ActiveCfg = Debug|Any CPU
		{E385B05C-D766-4D63-BFEF-F8E99AC9CCC3}.Ad-Hoc|x86.Build.0 = Debug|Any CPU
		{E385B05C-D766-4D63-BFEF-F8E99AC9CCC3}.AppStore|Any CPU.ActiveCfg = Debug|Any CPU
		{E385B05C-D766-4D63-BFEF-F8E99AC9CCC3}.AppStore|Any CPU.Build.0 = Debug|Any CPU
		{E385B05C-D766-4D63-BFEF-F8E99AC9CCC3}.AppStore|ARM.ActiveCfg = Debug|Any CPU
		{E385B05C-D766-4D63-BFEF-F8E99AC9CCC3}.AppStore|ARM.Build.0 = Debug|Any CPU
		{E385B05C-D766-4D63-BFEF-F8E99AC9CCC3}.AppStore|iPhone.ActiveCfg = Debug|Any CPU
		{E385B05C-D766-4D63-BFEF-F8E99AC9CCC3}.AppStore|iPhone.Build.0 = Debug|Any CPU
		{E385B05C-D766-4D63-BFEF-F8E99AC9CCC3}.AppStore|iPhoneSimulator.ActiveCfg = Debug|Any CPU
		{E385B05C-D766-4D63-BFEF-F8E99AC9CCC3}.AppStore|iPhoneSimulator.Build.0 = Debug|Any CPU
		{E385B05C-D766-4D63-BFEF-F8E99AC9CCC3}.AppStore|x64.ActiveCfg = Debug|Any CPU
		{E385B05C-D766-4D63-BFEF-F8E99AC9CCC3}.AppStore|x64.Build.0 = Debug|Any CPU
		{E385B05C-D766-4D63-BFEF-F8E99AC9CCC3}.AppStore|x86.ActiveCfg = Debug|Any CPU
		{E385B05C-D766-4D63-BFEF-F8E99AC9CCC3}.AppStore|x86.Build.0 = Debug|Any CPU
		{E385B05C-D766-4D63-BFEF-F8E99AC9CCC3}.Debug|Any CPU.ActiveCfg = Debug|Any CPU
		{E385B05C-D766-4D63-BFEF-F8E99AC9CCC3}.Debug|Any CPU.Build.0 = Debug|Any CPU
		{E385B05C-D766-4D63-BFEF-F8E99AC9CCC3}.Debug|ARM.ActiveCfg = Debug|Any CPU
		{E385B05C-D766-4D63-BFEF-F8E99AC9CCC3}.Debug|ARM.Build.0 = Debug|Any CPU
		{E385B05C-D766-4D63-BFEF-F8E99AC9CCC3}.Debug|iPhone.ActiveCfg = Debug|Any CPU
		{E385B05C-D766-4D63-BFEF-F8E99AC9CCC3}.Debug|iPhone.Build.0 = Debug|Any CPU
		{E385B05C-D766-4D63-BFEF-F8E99AC9CCC3}.Debug|iPhoneSimulator.ActiveCfg = Debug|Any CPU
		{E385B05C-D766-4D63-BFEF-F8E99AC9CCC3}.Debug|iPhoneSimulator.Build.0 = Debug|Any CPU
		{E385B05C-D766-4D63-BFEF-F8E99AC9CCC3}.Debug|x64.ActiveCfg = Debug|Any CPU
		{E385B05C-D766-4D63-BFEF-F8E99AC9CCC3}.Debug|x64.Build.0 = Debug|Any CPU
		{E385B05C-D766-4D63-BFEF-F8E99AC9CCC3}.Debug|x86.ActiveCfg = Debug|Any CPU
		{E385B05C-D766-4D63-BFEF-F8E99AC9CCC3}.Debug|x86.Build.0 = Debug|Any CPU
		{E385B05C-D766-4D63-BFEF-F8E99AC9CCC3}.Release|Any CPU.ActiveCfg = Release|Any CPU
		{E385B05C-D766-4D63-BFEF-F8E99AC9CCC3}.Release|Any CPU.Build.0 = Release|Any CPU
		{E385B05C-D766-4D63-BFEF-F8E99AC9CCC3}.Release|ARM.ActiveCfg = Release|Any CPU
		{E385B05C-D766-4D63-BFEF-F8E99AC9CCC3}.Release|ARM.Build.0 = Release|Any CPU
		{E385B05C-D766-4D63-BFEF-F8E99AC9CCC3}.Release|iPhone.ActiveCfg = Release|Any CPU
		{E385B05C-D766-4D63-BFEF-F8E99AC9CCC3}.Release|iPhone.Build.0 = Release|Any CPU
		{E385B05C-D766-4D63-BFEF-F8E99AC9CCC3}.Release|iPhoneSimulator.ActiveCfg = Release|Any CPU
		{E385B05C-D766-4D63-BFEF-F8E99AC9CCC3}.Release|iPhoneSimulator.Build.0 = Release|Any CPU
		{E385B05C-D766-4D63-BFEF-F8E99AC9CCC3}.Release|x64.ActiveCfg = Release|Any CPU
		{E385B05C-D766-4D63-BFEF-F8E99AC9CCC3}.Release|x64.Build.0 = Release|Any CPU
		{E385B05C-D766-4D63-BFEF-F8E99AC9CCC3}.Release|x86.ActiveCfg = Release|Any CPU
		{E385B05C-D766-4D63-BFEF-F8E99AC9CCC3}.Release|x86.Build.0 = Release|Any CPU
		{0B852994-A189-4BC2-9C12-E5C5CBD46D43}.Ad-Hoc|Any CPU.ActiveCfg = Debug|Any CPU
		{0B852994-A189-4BC2-9C12-E5C5CBD46D43}.Ad-Hoc|Any CPU.Build.0 = Debug|Any CPU
		{0B852994-A189-4BC2-9C12-E5C5CBD46D43}.Ad-Hoc|ARM.ActiveCfg = Debug|Any CPU
		{0B852994-A189-4BC2-9C12-E5C5CBD46D43}.Ad-Hoc|ARM.Build.0 = Debug|Any CPU
		{0B852994-A189-4BC2-9C12-E5C5CBD46D43}.Ad-Hoc|iPhone.ActiveCfg = Debug|Any CPU
		{0B852994-A189-4BC2-9C12-E5C5CBD46D43}.Ad-Hoc|iPhone.Build.0 = Debug|Any CPU
		{0B852994-A189-4BC2-9C12-E5C5CBD46D43}.Ad-Hoc|iPhoneSimulator.ActiveCfg = Debug|Any CPU
		{0B852994-A189-4BC2-9C12-E5C5CBD46D43}.Ad-Hoc|iPhoneSimulator.Build.0 = Debug|Any CPU
		{0B852994-A189-4BC2-9C12-E5C5CBD46D43}.Ad-Hoc|x64.ActiveCfg = Debug|Any CPU
		{0B852994-A189-4BC2-9C12-E5C5CBD46D43}.Ad-Hoc|x64.Build.0 = Debug|Any CPU
		{0B852994-A189-4BC2-9C12-E5C5CBD46D43}.Ad-Hoc|x86.ActiveCfg = Debug|Any CPU
		{0B852994-A189-4BC2-9C12-E5C5CBD46D43}.Ad-Hoc|x86.Build.0 = Debug|Any CPU
		{0B852994-A189-4BC2-9C12-E5C5CBD46D43}.AppStore|Any CPU.ActiveCfg = Debug|Any CPU
		{0B852994-A189-4BC2-9C12-E5C5CBD46D43}.AppStore|Any CPU.Build.0 = Debug|Any CPU
		{0B852994-A189-4BC2-9C12-E5C5CBD46D43}.AppStore|ARM.ActiveCfg = Debug|Any CPU
		{0B852994-A189-4BC2-9C12-E5C5CBD46D43}.AppStore|ARM.Build.0 = Debug|Any CPU
		{0B852994-A189-4BC2-9C12-E5C5CBD46D43}.AppStore|iPhone.ActiveCfg = Debug|Any CPU
		{0B852994-A189-4BC2-9C12-E5C5CBD46D43}.AppStore|iPhone.Build.0 = Debug|Any CPU
		{0B852994-A189-4BC2-9C12-E5C5CBD46D43}.AppStore|iPhoneSimulator.ActiveCfg = Debug|Any CPU
		{0B852994-A189-4BC2-9C12-E5C5CBD46D43}.AppStore|iPhoneSimulator.Build.0 = Debug|Any CPU
		{0B852994-A189-4BC2-9C12-E5C5CBD46D43}.AppStore|x64.ActiveCfg = Debug|Any CPU
		{0B852994-A189-4BC2-9C12-E5C5CBD46D43}.AppStore|x64.Build.0 = Debug|Any CPU
		{0B852994-A189-4BC2-9C12-E5C5CBD46D43}.AppStore|x86.ActiveCfg = Debug|Any CPU
		{0B852994-A189-4BC2-9C12-E5C5CBD46D43}.AppStore|x86.Build.0 = Debug|Any CPU
		{0B852994-A189-4BC2-9C12-E5C5CBD46D43}.Debug|Any CPU.ActiveCfg = Debug|Any CPU
		{0B852994-A189-4BC2-9C12-E5C5CBD46D43}.Debug|Any CPU.Build.0 = Debug|Any CPU
		{0B852994-A189-4BC2-9C12-E5C5CBD46D43}.Debug|ARM.ActiveCfg = Debug|Any CPU
		{0B852994-A189-4BC2-9C12-E5C5CBD46D43}.Debug|ARM.Build.0 = Debug|Any CPU
		{0B852994-A189-4BC2-9C12-E5C5CBD46D43}.Debug|iPhone.ActiveCfg = Debug|Any CPU
		{0B852994-A189-4BC2-9C12-E5C5CBD46D43}.Debug|iPhone.Build.0 = Debug|Any CPU
		{0B852994-A189-4BC2-9C12-E5C5CBD46D43}.Debug|iPhoneSimulator.ActiveCfg = Debug|Any CPU
		{0B852994-A189-4BC2-9C12-E5C5CBD46D43}.Debug|iPhoneSimulator.Build.0 = Debug|Any CPU
		{0B852994-A189-4BC2-9C12-E5C5CBD46D43}.Debug|x64.ActiveCfg = Debug|Any CPU
		{0B852994-A189-4BC2-9C12-E5C5CBD46D43}.Debug|x64.Build.0 = Debug|Any CPU
		{0B852994-A189-4BC2-9C12-E5C5CBD46D43}.Debug|x86.ActiveCfg = Debug|Any CPU
		{0B852994-A189-4BC2-9C12-E5C5CBD46D43}.Debug|x86.Build.0 = Debug|Any CPU
		{0B852994-A189-4BC2-9C12-E5C5CBD46D43}.Release|Any CPU.ActiveCfg = Release|Any CPU
		{0B852994-A189-4BC2-9C12-E5C5CBD46D43}.Release|Any CPU.Build.0 = Release|Any CPU
		{0B852994-A189-4BC2-9C12-E5C5CBD46D43}.Release|ARM.ActiveCfg = Release|Any CPU
		{0B852994-A189-4BC2-9C12-E5C5CBD46D43}.Release|ARM.Build.0 = Release|Any CPU
		{0B852994-A189-4BC2-9C12-E5C5CBD46D43}.Release|iPhone.ActiveCfg = Release|Any CPU
		{0B852994-A189-4BC2-9C12-E5C5CBD46D43}.Release|iPhone.Build.0 = Release|Any CPU
		{0B852994-A189-4BC2-9C12-E5C5CBD46D43}.Release|iPhoneSimulator.ActiveCfg = Release|Any CPU
		{0B852994-A189-4BC2-9C12-E5C5CBD46D43}.Release|iPhoneSimulator.Build.0 = Release|Any CPU
		{0B852994-A189-4BC2-9C12-E5C5CBD46D43}.Release|x64.ActiveCfg = Release|Any CPU
		{0B852994-A189-4BC2-9C12-E5C5CBD46D43}.Release|x64.Build.0 = Release|Any CPU
		{0B852994-A189-4BC2-9C12-E5C5CBD46D43}.Release|x86.ActiveCfg = Release|Any CPU
		{0B852994-A189-4BC2-9C12-E5C5CBD46D43}.Release|x86.Build.0 = Release|Any CPU
		{5A5260A7-82D8-4E9D-B84F-EC98C8BFAA3D}.Ad-Hoc|Any CPU.ActiveCfg = Debug|Any CPU
		{5A5260A7-82D8-4E9D-B84F-EC98C8BFAA3D}.Ad-Hoc|Any CPU.Build.0 = Debug|Any CPU
		{5A5260A7-82D8-4E9D-B84F-EC98C8BFAA3D}.Ad-Hoc|ARM.ActiveCfg = Debug|Any CPU
		{5A5260A7-82D8-4E9D-B84F-EC98C8BFAA3D}.Ad-Hoc|ARM.Build.0 = Debug|Any CPU
		{5A5260A7-82D8-4E9D-B84F-EC98C8BFAA3D}.Ad-Hoc|iPhone.ActiveCfg = Debug|Any CPU
		{5A5260A7-82D8-4E9D-B84F-EC98C8BFAA3D}.Ad-Hoc|iPhone.Build.0 = Debug|Any CPU
		{5A5260A7-82D8-4E9D-B84F-EC98C8BFAA3D}.Ad-Hoc|iPhoneSimulator.ActiveCfg = Debug|Any CPU
		{5A5260A7-82D8-4E9D-B84F-EC98C8BFAA3D}.Ad-Hoc|iPhoneSimulator.Build.0 = Debug|Any CPU
		{5A5260A7-82D8-4E9D-B84F-EC98C8BFAA3D}.Ad-Hoc|x64.ActiveCfg = Debug|Any CPU
		{5A5260A7-82D8-4E9D-B84F-EC98C8BFAA3D}.Ad-Hoc|x64.Build.0 = Debug|Any CPU
		{5A5260A7-82D8-4E9D-B84F-EC98C8BFAA3D}.Ad-Hoc|x86.ActiveCfg = Debug|Any CPU
		{5A5260A7-82D8-4E9D-B84F-EC98C8BFAA3D}.Ad-Hoc|x86.Build.0 = Debug|Any CPU
		{5A5260A7-82D8-4E9D-B84F-EC98C8BFAA3D}.AppStore|Any CPU.ActiveCfg = Debug|Any CPU
		{5A5260A7-82D8-4E9D-B84F-EC98C8BFAA3D}.AppStore|Any CPU.Build.0 = Debug|Any CPU
		{5A5260A7-82D8-4E9D-B84F-EC98C8BFAA3D}.AppStore|ARM.ActiveCfg = Debug|Any CPU
		{5A5260A7-82D8-4E9D-B84F-EC98C8BFAA3D}.AppStore|ARM.Build.0 = Debug|Any CPU
		{5A5260A7-82D8-4E9D-B84F-EC98C8BFAA3D}.AppStore|iPhone.ActiveCfg = Debug|Any CPU
		{5A5260A7-82D8-4E9D-B84F-EC98C8BFAA3D}.AppStore|iPhone.Build.0 = Debug|Any CPU
		{5A5260A7-82D8-4E9D-B84F-EC98C8BFAA3D}.AppStore|iPhoneSimulator.ActiveCfg = Debug|Any CPU
		{5A5260A7-82D8-4E9D-B84F-EC98C8BFAA3D}.AppStore|iPhoneSimulator.Build.0 = Debug|Any CPU
		{5A5260A7-82D8-4E9D-B84F-EC98C8BFAA3D}.AppStore|x64.ActiveCfg = Debug|Any CPU
		{5A5260A7-82D8-4E9D-B84F-EC98C8BFAA3D}.AppStore|x64.Build.0 = Debug|Any CPU
		{5A5260A7-82D8-4E9D-B84F-EC98C8BFAA3D}.AppStore|x86.ActiveCfg = Debug|Any CPU
		{5A5260A7-82D8-4E9D-B84F-EC98C8BFAA3D}.AppStore|x86.Build.0 = Debug|Any CPU
		{5A5260A7-82D8-4E9D-B84F-EC98C8BFAA3D}.Debug|Any CPU.ActiveCfg = Debug|Any CPU
		{5A5260A7-82D8-4E9D-B84F-EC98C8BFAA3D}.Debug|Any CPU.Build.0 = Debug|Any CPU
		{5A5260A7-82D8-4E9D-B84F-EC98C8BFAA3D}.Debug|ARM.ActiveCfg = Debug|Any CPU
		{5A5260A7-82D8-4E9D-B84F-EC98C8BFAA3D}.Debug|ARM.Build.0 = Debug|Any CPU
		{5A5260A7-82D8-4E9D-B84F-EC98C8BFAA3D}.Debug|iPhone.ActiveCfg = Debug|Any CPU
		{5A5260A7-82D8-4E9D-B84F-EC98C8BFAA3D}.Debug|iPhone.Build.0 = Debug|Any CPU
		{5A5260A7-82D8-4E9D-B84F-EC98C8BFAA3D}.Debug|iPhoneSimulator.ActiveCfg = Debug|Any CPU
		{5A5260A7-82D8-4E9D-B84F-EC98C8BFAA3D}.Debug|iPhoneSimulator.Build.0 = Debug|Any CPU
		{5A5260A7-82D8-4E9D-B84F-EC98C8BFAA3D}.Debug|x64.ActiveCfg = Debug|Any CPU
		{5A5260A7-82D8-4E9D-B84F-EC98C8BFAA3D}.Debug|x64.Build.0 = Debug|Any CPU
		{5A5260A7-82D8-4E9D-B84F-EC98C8BFAA3D}.Debug|x86.ActiveCfg = Debug|Any CPU
		{5A5260A7-82D8-4E9D-B84F-EC98C8BFAA3D}.Debug|x86.Build.0 = Debug|Any CPU
		{5A5260A7-82D8-4E9D-B84F-EC98C8BFAA3D}.Release|Any CPU.ActiveCfg = Release|Any CPU
		{5A5260A7-82D8-4E9D-B84F-EC98C8BFAA3D}.Release|Any CPU.Build.0 = Release|Any CPU
		{5A5260A7-82D8-4E9D-B84F-EC98C8BFAA3D}.Release|ARM.ActiveCfg = Release|Any CPU
		{5A5260A7-82D8-4E9D-B84F-EC98C8BFAA3D}.Release|ARM.Build.0 = Release|Any CPU
		{5A5260A7-82D8-4E9D-B84F-EC98C8BFAA3D}.Release|iPhone.ActiveCfg = Release|Any CPU
		{5A5260A7-82D8-4E9D-B84F-EC98C8BFAA3D}.Release|iPhone.Build.0 = Release|Any CPU
		{5A5260A7-82D8-4E9D-B84F-EC98C8BFAA3D}.Release|iPhoneSimulator.ActiveCfg = Release|Any CPU
		{5A5260A7-82D8-4E9D-B84F-EC98C8BFAA3D}.Release|iPhoneSimulator.Build.0 = Release|Any CPU
		{5A5260A7-82D8-4E9D-B84F-EC98C8BFAA3D}.Release|x64.ActiveCfg = Release|Any CPU
		{5A5260A7-82D8-4E9D-B84F-EC98C8BFAA3D}.Release|x64.Build.0 = Release|Any CPU
		{5A5260A7-82D8-4E9D-B84F-EC98C8BFAA3D}.Release|x86.ActiveCfg = Release|Any CPU
		{5A5260A7-82D8-4E9D-B84F-EC98C8BFAA3D}.Release|x86.Build.0 = Release|Any CPU
		{A4F44CAD-276F-45CA-A4A9-FD1EF1E679F5}.Ad-Hoc|Any CPU.ActiveCfg = Release|Any CPU
		{A4F44CAD-276F-45CA-A4A9-FD1EF1E679F5}.Ad-Hoc|Any CPU.Build.0 = Release|Any CPU
		{A4F44CAD-276F-45CA-A4A9-FD1EF1E679F5}.Ad-Hoc|Any CPU.Deploy.0 = Release|Any CPU
		{A4F44CAD-276F-45CA-A4A9-FD1EF1E679F5}.Ad-Hoc|ARM.ActiveCfg = Release|Any CPU
		{A4F44CAD-276F-45CA-A4A9-FD1EF1E679F5}.Ad-Hoc|ARM.Build.0 = Release|Any CPU
		{A4F44CAD-276F-45CA-A4A9-FD1EF1E679F5}.Ad-Hoc|ARM.Deploy.0 = Release|Any CPU
		{A4F44CAD-276F-45CA-A4A9-FD1EF1E679F5}.Ad-Hoc|iPhone.ActiveCfg = Release|Any CPU
		{A4F44CAD-276F-45CA-A4A9-FD1EF1E679F5}.Ad-Hoc|iPhone.Build.0 = Release|Any CPU
		{A4F44CAD-276F-45CA-A4A9-FD1EF1E679F5}.Ad-Hoc|iPhone.Deploy.0 = Release|Any CPU
		{A4F44CAD-276F-45CA-A4A9-FD1EF1E679F5}.Ad-Hoc|iPhoneSimulator.ActiveCfg = Release|Any CPU
		{A4F44CAD-276F-45CA-A4A9-FD1EF1E679F5}.Ad-Hoc|iPhoneSimulator.Build.0 = Release|Any CPU
		{A4F44CAD-276F-45CA-A4A9-FD1EF1E679F5}.Ad-Hoc|iPhoneSimulator.Deploy.0 = Release|Any CPU
		{A4F44CAD-276F-45CA-A4A9-FD1EF1E679F5}.Ad-Hoc|x64.ActiveCfg = Release|Any CPU
		{A4F44CAD-276F-45CA-A4A9-FD1EF1E679F5}.Ad-Hoc|x64.Build.0 = Release|Any CPU
		{A4F44CAD-276F-45CA-A4A9-FD1EF1E679F5}.Ad-Hoc|x64.Deploy.0 = Release|Any CPU
		{A4F44CAD-276F-45CA-A4A9-FD1EF1E679F5}.Ad-Hoc|x86.ActiveCfg = Release|Any CPU
		{A4F44CAD-276F-45CA-A4A9-FD1EF1E679F5}.Ad-Hoc|x86.Build.0 = Release|Any CPU
		{A4F44CAD-276F-45CA-A4A9-FD1EF1E679F5}.Ad-Hoc|x86.Deploy.0 = Release|Any CPU
		{A4F44CAD-276F-45CA-A4A9-FD1EF1E679F5}.AppStore|Any CPU.ActiveCfg = Release|Any CPU
		{A4F44CAD-276F-45CA-A4A9-FD1EF1E679F5}.AppStore|Any CPU.Build.0 = Release|Any CPU
		{A4F44CAD-276F-45CA-A4A9-FD1EF1E679F5}.AppStore|Any CPU.Deploy.0 = Release|Any CPU
		{A4F44CAD-276F-45CA-A4A9-FD1EF1E679F5}.AppStore|ARM.ActiveCfg = Release|Any CPU
		{A4F44CAD-276F-45CA-A4A9-FD1EF1E679F5}.AppStore|ARM.Build.0 = Release|Any CPU
		{A4F44CAD-276F-45CA-A4A9-FD1EF1E679F5}.AppStore|ARM.Deploy.0 = Release|Any CPU
		{A4F44CAD-276F-45CA-A4A9-FD1EF1E679F5}.AppStore|iPhone.ActiveCfg = Release|Any CPU
		{A4F44CAD-276F-45CA-A4A9-FD1EF1E679F5}.AppStore|iPhone.Build.0 = Release|Any CPU
		{A4F44CAD-276F-45CA-A4A9-FD1EF1E679F5}.AppStore|iPhone.Deploy.0 = Release|Any CPU
		{A4F44CAD-276F-45CA-A4A9-FD1EF1E679F5}.AppStore|iPhoneSimulator.ActiveCfg = Release|Any CPU
		{A4F44CAD-276F-45CA-A4A9-FD1EF1E679F5}.AppStore|iPhoneSimulator.Build.0 = Release|Any CPU
		{A4F44CAD-276F-45CA-A4A9-FD1EF1E679F5}.AppStore|iPhoneSimulator.Deploy.0 = Release|Any CPU
		{A4F44CAD-276F-45CA-A4A9-FD1EF1E679F5}.AppStore|x64.ActiveCfg = Release|Any CPU
		{A4F44CAD-276F-45CA-A4A9-FD1EF1E679F5}.AppStore|x64.Build.0 = Release|Any CPU
		{A4F44CAD-276F-45CA-A4A9-FD1EF1E679F5}.AppStore|x64.Deploy.0 = Release|Any CPU
		{A4F44CAD-276F-45CA-A4A9-FD1EF1E679F5}.AppStore|x86.ActiveCfg = Release|Any CPU
		{A4F44CAD-276F-45CA-A4A9-FD1EF1E679F5}.AppStore|x86.Build.0 = Release|Any CPU
		{A4F44CAD-276F-45CA-A4A9-FD1EF1E679F5}.AppStore|x86.Deploy.0 = Release|Any CPU
		{A4F44CAD-276F-45CA-A4A9-FD1EF1E679F5}.Debug|Any CPU.ActiveCfg = Debug|Any CPU
		{A4F44CAD-276F-45CA-A4A9-FD1EF1E679F5}.Debug|Any CPU.Build.0 = Debug|Any CPU
		{A4F44CAD-276F-45CA-A4A9-FD1EF1E679F5}.Debug|Any CPU.Deploy.0 = Debug|Any CPU
		{A4F44CAD-276F-45CA-A4A9-FD1EF1E679F5}.Debug|ARM.ActiveCfg = Debug|Any CPU
		{A4F44CAD-276F-45CA-A4A9-FD1EF1E679F5}.Debug|ARM.Build.0 = Debug|Any CPU
		{A4F44CAD-276F-45CA-A4A9-FD1EF1E679F5}.Debug|ARM.Deploy.0 = Debug|Any CPU
		{A4F44CAD-276F-45CA-A4A9-FD1EF1E679F5}.Debug|iPhone.ActiveCfg = Debug|Any CPU
		{A4F44CAD-276F-45CA-A4A9-FD1EF1E679F5}.Debug|iPhone.Build.0 = Debug|Any CPU
		{A4F44CAD-276F-45CA-A4A9-FD1EF1E679F5}.Debug|iPhone.Deploy.0 = Debug|Any CPU
		{A4F44CAD-276F-45CA-A4A9-FD1EF1E679F5}.Debug|iPhoneSimulator.ActiveCfg = Debug|Any CPU
		{A4F44CAD-276F-45CA-A4A9-FD1EF1E679F5}.Debug|iPhoneSimulator.Build.0 = Debug|Any CPU
		{A4F44CAD-276F-45CA-A4A9-FD1EF1E679F5}.Debug|iPhoneSimulator.Deploy.0 = Debug|Any CPU
		{A4F44CAD-276F-45CA-A4A9-FD1EF1E679F5}.Debug|x64.ActiveCfg = Debug|Any CPU
		{A4F44CAD-276F-45CA-A4A9-FD1EF1E679F5}.Debug|x64.Build.0 = Debug|Any CPU
		{A4F44CAD-276F-45CA-A4A9-FD1EF1E679F5}.Debug|x64.Deploy.0 = Debug|Any CPU
		{A4F44CAD-276F-45CA-A4A9-FD1EF1E679F5}.Debug|x86.ActiveCfg = Debug|Any CPU
		{A4F44CAD-276F-45CA-A4A9-FD1EF1E679F5}.Debug|x86.Build.0 = Debug|Any CPU
		{A4F44CAD-276F-45CA-A4A9-FD1EF1E679F5}.Debug|x86.Deploy.0 = Debug|Any CPU
		{A4F44CAD-276F-45CA-A4A9-FD1EF1E679F5}.Release|Any CPU.ActiveCfg = Release|Any CPU
		{A4F44CAD-276F-45CA-A4A9-FD1EF1E679F5}.Release|Any CPU.Build.0 = Release|Any CPU
		{A4F44CAD-276F-45CA-A4A9-FD1EF1E679F5}.Release|Any CPU.Deploy.0 = Release|Any CPU
		{A4F44CAD-276F-45CA-A4A9-FD1EF1E679F5}.Release|ARM.ActiveCfg = Release|Any CPU
		{A4F44CAD-276F-45CA-A4A9-FD1EF1E679F5}.Release|ARM.Build.0 = Release|Any CPU
		{A4F44CAD-276F-45CA-A4A9-FD1EF1E679F5}.Release|ARM.Deploy.0 = Release|Any CPU
		{A4F44CAD-276F-45CA-A4A9-FD1EF1E679F5}.Release|iPhone.ActiveCfg = Release|Any CPU
		{A4F44CAD-276F-45CA-A4A9-FD1EF1E679F5}.Release|iPhone.Build.0 = Release|Any CPU
		{A4F44CAD-276F-45CA-A4A9-FD1EF1E679F5}.Release|iPhone.Deploy.0 = Release|Any CPU
		{A4F44CAD-276F-45CA-A4A9-FD1EF1E679F5}.Release|iPhoneSimulator.ActiveCfg = Release|Any CPU
		{A4F44CAD-276F-45CA-A4A9-FD1EF1E679F5}.Release|iPhoneSimulator.Build.0 = Release|Any CPU
		{A4F44CAD-276F-45CA-A4A9-FD1EF1E679F5}.Release|iPhoneSimulator.Deploy.0 = Release|Any CPU
		{A4F44CAD-276F-45CA-A4A9-FD1EF1E679F5}.Release|x64.ActiveCfg = Release|Any CPU
		{A4F44CAD-276F-45CA-A4A9-FD1EF1E679F5}.Release|x64.Build.0 = Release|Any CPU
		{A4F44CAD-276F-45CA-A4A9-FD1EF1E679F5}.Release|x64.Deploy.0 = Release|Any CPU
		{A4F44CAD-276F-45CA-A4A9-FD1EF1E679F5}.Release|x86.ActiveCfg = Release|Any CPU
		{A4F44CAD-276F-45CA-A4A9-FD1EF1E679F5}.Release|x86.Build.0 = Release|Any CPU
		{A4F44CAD-276F-45CA-A4A9-FD1EF1E679F5}.Release|x86.Deploy.0 = Release|Any CPU
		{F45326F2-9C15-4313-B510-15B927CB7791}.Ad-Hoc|Any CPU.ActiveCfg = Ad-Hoc|iPhone
		{F45326F2-9C15-4313-B510-15B927CB7791}.Ad-Hoc|ARM.ActiveCfg = Ad-Hoc|iPhone
		{F45326F2-9C15-4313-B510-15B927CB7791}.Ad-Hoc|iPhone.ActiveCfg = Ad-Hoc|iPhone
		{F45326F2-9C15-4313-B510-15B927CB7791}.Ad-Hoc|iPhone.Build.0 = Ad-Hoc|iPhone
		{F45326F2-9C15-4313-B510-15B927CB7791}.Ad-Hoc|iPhoneSimulator.ActiveCfg = Ad-Hoc|iPhoneSimulator
		{F45326F2-9C15-4313-B510-15B927CB7791}.Ad-Hoc|iPhoneSimulator.Build.0 = Ad-Hoc|iPhoneSimulator
		{F45326F2-9C15-4313-B510-15B927CB7791}.Ad-Hoc|x64.ActiveCfg = Ad-Hoc|iPhone
		{F45326F2-9C15-4313-B510-15B927CB7791}.Ad-Hoc|x86.ActiveCfg = Ad-Hoc|iPhone
		{F45326F2-9C15-4313-B510-15B927CB7791}.AppStore|Any CPU.ActiveCfg = AppStore|iPhone
		{F45326F2-9C15-4313-B510-15B927CB7791}.AppStore|ARM.ActiveCfg = AppStore|iPhone
		{F45326F2-9C15-4313-B510-15B927CB7791}.AppStore|iPhone.ActiveCfg = AppStore|iPhone
		{F45326F2-9C15-4313-B510-15B927CB7791}.AppStore|iPhone.Build.0 = AppStore|iPhone
		{F45326F2-9C15-4313-B510-15B927CB7791}.AppStore|iPhoneSimulator.ActiveCfg = AppStore|iPhoneSimulator
		{F45326F2-9C15-4313-B510-15B927CB7791}.AppStore|iPhoneSimulator.Build.0 = AppStore|iPhoneSimulator
		{F45326F2-9C15-4313-B510-15B927CB7791}.AppStore|x64.ActiveCfg = AppStore|iPhone
		{F45326F2-9C15-4313-B510-15B927CB7791}.AppStore|x86.ActiveCfg = AppStore|iPhone
		{F45326F2-9C15-4313-B510-15B927CB7791}.Debug|Any CPU.ActiveCfg = Debug|iPhone
		{F45326F2-9C15-4313-B510-15B927CB7791}.Debug|ARM.ActiveCfg = Debug|iPhone
		{F45326F2-9C15-4313-B510-15B927CB7791}.Debug|iPhone.ActiveCfg = Debug|iPhone
		{F45326F2-9C15-4313-B510-15B927CB7791}.Debug|iPhone.Build.0 = Debug|iPhone
		{F45326F2-9C15-4313-B510-15B927CB7791}.Debug|iPhoneSimulator.ActiveCfg = Debug|iPhoneSimulator
		{F45326F2-9C15-4313-B510-15B927CB7791}.Debug|iPhoneSimulator.Build.0 = Debug|iPhoneSimulator
		{F45326F2-9C15-4313-B510-15B927CB7791}.Debug|x64.ActiveCfg = Debug|iPhone
		{F45326F2-9C15-4313-B510-15B927CB7791}.Debug|x86.ActiveCfg = Debug|iPhone
		{F45326F2-9C15-4313-B510-15B927CB7791}.Release|Any CPU.ActiveCfg = Release|iPhone
		{F45326F2-9C15-4313-B510-15B927CB7791}.Release|ARM.ActiveCfg = Release|iPhone
		{F45326F2-9C15-4313-B510-15B927CB7791}.Release|iPhone.ActiveCfg = Release|iPhone
		{F45326F2-9C15-4313-B510-15B927CB7791}.Release|iPhone.Build.0 = Release|iPhone
		{F45326F2-9C15-4313-B510-15B927CB7791}.Release|iPhoneSimulator.ActiveCfg = Release|iPhoneSimulator
		{F45326F2-9C15-4313-B510-15B927CB7791}.Release|iPhoneSimulator.Build.0 = Release|iPhoneSimulator
		{F45326F2-9C15-4313-B510-15B927CB7791}.Release|x64.ActiveCfg = Release|iPhone
		{F45326F2-9C15-4313-B510-15B927CB7791}.Release|x86.ActiveCfg = Release|iPhone
		{AE65D545-F26C-4026-A993-CFD1D37B2104}.Ad-Hoc|Any CPU.ActiveCfg = Release|x86
		{AE65D545-F26C-4026-A993-CFD1D37B2104}.Ad-Hoc|Any CPU.Build.0 = Release|x86
		{AE65D545-F26C-4026-A993-CFD1D37B2104}.Ad-Hoc|Any CPU.Deploy.0 = Release|x86
		{AE65D545-F26C-4026-A993-CFD1D37B2104}.Ad-Hoc|ARM.ActiveCfg = Release|ARM
		{AE65D545-F26C-4026-A993-CFD1D37B2104}.Ad-Hoc|ARM.Build.0 = Release|ARM
		{AE65D545-F26C-4026-A993-CFD1D37B2104}.Ad-Hoc|ARM.Deploy.0 = Release|ARM
		{AE65D545-F26C-4026-A993-CFD1D37B2104}.Ad-Hoc|iPhone.ActiveCfg = Release|x86
		{AE65D545-F26C-4026-A993-CFD1D37B2104}.Ad-Hoc|iPhone.Build.0 = Release|x86
		{AE65D545-F26C-4026-A993-CFD1D37B2104}.Ad-Hoc|iPhone.Deploy.0 = Release|x86
		{AE65D545-F26C-4026-A993-CFD1D37B2104}.Ad-Hoc|iPhoneSimulator.ActiveCfg = Release|x86
		{AE65D545-F26C-4026-A993-CFD1D37B2104}.Ad-Hoc|iPhoneSimulator.Build.0 = Release|x86
		{AE65D545-F26C-4026-A993-CFD1D37B2104}.Ad-Hoc|iPhoneSimulator.Deploy.0 = Release|x86
		{AE65D545-F26C-4026-A993-CFD1D37B2104}.Ad-Hoc|x64.ActiveCfg = Release|x64
		{AE65D545-F26C-4026-A993-CFD1D37B2104}.Ad-Hoc|x64.Build.0 = Release|x64
		{AE65D545-F26C-4026-A993-CFD1D37B2104}.Ad-Hoc|x64.Deploy.0 = Release|x64
		{AE65D545-F26C-4026-A993-CFD1D37B2104}.Ad-Hoc|x86.ActiveCfg = Release|x86
		{AE65D545-F26C-4026-A993-CFD1D37B2104}.Ad-Hoc|x86.Build.0 = Release|x86
		{AE65D545-F26C-4026-A993-CFD1D37B2104}.Ad-Hoc|x86.Deploy.0 = Release|x86
		{AE65D545-F26C-4026-A993-CFD1D37B2104}.AppStore|Any CPU.ActiveCfg = Release|x86
		{AE65D545-F26C-4026-A993-CFD1D37B2104}.AppStore|Any CPU.Build.0 = Release|x86
		{AE65D545-F26C-4026-A993-CFD1D37B2104}.AppStore|Any CPU.Deploy.0 = Release|x86
		{AE65D545-F26C-4026-A993-CFD1D37B2104}.AppStore|ARM.ActiveCfg = Release|ARM
		{AE65D545-F26C-4026-A993-CFD1D37B2104}.AppStore|ARM.Build.0 = Release|ARM
		{AE65D545-F26C-4026-A993-CFD1D37B2104}.AppStore|ARM.Deploy.0 = Release|ARM
		{AE65D545-F26C-4026-A993-CFD1D37B2104}.AppStore|iPhone.ActiveCfg = Release|x86
		{AE65D545-F26C-4026-A993-CFD1D37B2104}.AppStore|iPhone.Build.0 = Release|x86
		{AE65D545-F26C-4026-A993-CFD1D37B2104}.AppStore|iPhone.Deploy.0 = Release|x86
		{AE65D545-F26C-4026-A993-CFD1D37B2104}.AppStore|iPhoneSimulator.ActiveCfg = Release|x86
		{AE65D545-F26C-4026-A993-CFD1D37B2104}.AppStore|iPhoneSimulator.Build.0 = Release|x86
		{AE65D545-F26C-4026-A993-CFD1D37B2104}.AppStore|iPhoneSimulator.Deploy.0 = Release|x86
		{AE65D545-F26C-4026-A993-CFD1D37B2104}.AppStore|x64.ActiveCfg = Release|x64
		{AE65D545-F26C-4026-A993-CFD1D37B2104}.AppStore|x64.Build.0 = Release|x64
		{AE65D545-F26C-4026-A993-CFD1D37B2104}.AppStore|x64.Deploy.0 = Release|x64
		{AE65D545-F26C-4026-A993-CFD1D37B2104}.AppStore|x86.ActiveCfg = Release|x86
		{AE65D545-F26C-4026-A993-CFD1D37B2104}.AppStore|x86.Build.0 = Release|x86
		{AE65D545-F26C-4026-A993-CFD1D37B2104}.AppStore|x86.Deploy.0 = Release|x86
		{AE65D545-F26C-4026-A993-CFD1D37B2104}.Debug|Any CPU.ActiveCfg = Debug|x86
		{AE65D545-F26C-4026-A993-CFD1D37B2104}.Debug|ARM.ActiveCfg = Debug|ARM
		{AE65D545-F26C-4026-A993-CFD1D37B2104}.Debug|ARM.Build.0 = Debug|ARM
		{AE65D545-F26C-4026-A993-CFD1D37B2104}.Debug|ARM.Deploy.0 = Debug|ARM
		{AE65D545-F26C-4026-A993-CFD1D37B2104}.Debug|iPhone.ActiveCfg = Debug|x86
		{AE65D545-F26C-4026-A993-CFD1D37B2104}.Debug|iPhoneSimulator.ActiveCfg = Debug|x86
		{AE65D545-F26C-4026-A993-CFD1D37B2104}.Debug|x64.ActiveCfg = Debug|x64
		{AE65D545-F26C-4026-A993-CFD1D37B2104}.Debug|x64.Build.0 = Debug|x64
		{AE65D545-F26C-4026-A993-CFD1D37B2104}.Debug|x64.Deploy.0 = Debug|x64
		{AE65D545-F26C-4026-A993-CFD1D37B2104}.Debug|x86.ActiveCfg = Debug|x86
		{AE65D545-F26C-4026-A993-CFD1D37B2104}.Debug|x86.Build.0 = Debug|x86
		{AE65D545-F26C-4026-A993-CFD1D37B2104}.Debug|x86.Deploy.0 = Debug|x86
		{AE65D545-F26C-4026-A993-CFD1D37B2104}.Release|Any CPU.ActiveCfg = Release|x86
		{AE65D545-F26C-4026-A993-CFD1D37B2104}.Release|ARM.ActiveCfg = Release|ARM
		{AE65D545-F26C-4026-A993-CFD1D37B2104}.Release|ARM.Build.0 = Release|ARM
		{AE65D545-F26C-4026-A993-CFD1D37B2104}.Release|ARM.Deploy.0 = Release|ARM
		{AE65D545-F26C-4026-A993-CFD1D37B2104}.Release|iPhone.ActiveCfg = Release|x86
		{AE65D545-F26C-4026-A993-CFD1D37B2104}.Release|iPhoneSimulator.ActiveCfg = Release|x86
		{AE65D545-F26C-4026-A993-CFD1D37B2104}.Release|x64.ActiveCfg = Release|x64
		{AE65D545-F26C-4026-A993-CFD1D37B2104}.Release|x64.Build.0 = Release|x64
		{AE65D545-F26C-4026-A993-CFD1D37B2104}.Release|x64.Deploy.0 = Release|x64
		{AE65D545-F26C-4026-A993-CFD1D37B2104}.Release|x86.ActiveCfg = Release|x86
		{AE65D545-F26C-4026-A993-CFD1D37B2104}.Release|x86.Build.0 = Release|x86
		{AE65D545-F26C-4026-A993-CFD1D37B2104}.Release|x86.Deploy.0 = Release|x86
		{B5BCA6D5-3A11-479D-B83E-D0D73E5CBEEA}.Ad-Hoc|Any CPU.ActiveCfg = Debug|Any CPU
		{B5BCA6D5-3A11-479D-B83E-D0D73E5CBEEA}.Ad-Hoc|Any CPU.Build.0 = Debug|Any CPU
		{B5BCA6D5-3A11-479D-B83E-D0D73E5CBEEA}.Ad-Hoc|ARM.ActiveCfg = Debug|Any CPU
		{B5BCA6D5-3A11-479D-B83E-D0D73E5CBEEA}.Ad-Hoc|ARM.Build.0 = Debug|Any CPU
		{B5BCA6D5-3A11-479D-B83E-D0D73E5CBEEA}.Ad-Hoc|iPhone.ActiveCfg = Debug|Any CPU
		{B5BCA6D5-3A11-479D-B83E-D0D73E5CBEEA}.Ad-Hoc|iPhone.Build.0 = Debug|Any CPU
		{B5BCA6D5-3A11-479D-B83E-D0D73E5CBEEA}.Ad-Hoc|iPhoneSimulator.ActiveCfg = Debug|Any CPU
		{B5BCA6D5-3A11-479D-B83E-D0D73E5CBEEA}.Ad-Hoc|iPhoneSimulator.Build.0 = Debug|Any CPU
		{B5BCA6D5-3A11-479D-B83E-D0D73E5CBEEA}.Ad-Hoc|x64.ActiveCfg = Debug|Any CPU
		{B5BCA6D5-3A11-479D-B83E-D0D73E5CBEEA}.Ad-Hoc|x64.Build.0 = Debug|Any CPU
		{B5BCA6D5-3A11-479D-B83E-D0D73E5CBEEA}.Ad-Hoc|x86.ActiveCfg = Debug|Any CPU
		{B5BCA6D5-3A11-479D-B83E-D0D73E5CBEEA}.Ad-Hoc|x86.Build.0 = Debug|Any CPU
		{B5BCA6D5-3A11-479D-B83E-D0D73E5CBEEA}.AppStore|Any CPU.ActiveCfg = Debug|Any CPU
		{B5BCA6D5-3A11-479D-B83E-D0D73E5CBEEA}.AppStore|Any CPU.Build.0 = Debug|Any CPU
		{B5BCA6D5-3A11-479D-B83E-D0D73E5CBEEA}.AppStore|ARM.ActiveCfg = Debug|Any CPU
		{B5BCA6D5-3A11-479D-B83E-D0D73E5CBEEA}.AppStore|ARM.Build.0 = Debug|Any CPU
		{B5BCA6D5-3A11-479D-B83E-D0D73E5CBEEA}.AppStore|iPhone.ActiveCfg = Debug|Any CPU
		{B5BCA6D5-3A11-479D-B83E-D0D73E5CBEEA}.AppStore|iPhone.Build.0 = Debug|Any CPU
		{B5BCA6D5-3A11-479D-B83E-D0D73E5CBEEA}.AppStore|iPhoneSimulator.ActiveCfg = Debug|Any CPU
		{B5BCA6D5-3A11-479D-B83E-D0D73E5CBEEA}.AppStore|iPhoneSimulator.Build.0 = Debug|Any CPU
		{B5BCA6D5-3A11-479D-B83E-D0D73E5CBEEA}.AppStore|x64.ActiveCfg = Debug|Any CPU
		{B5BCA6D5-3A11-479D-B83E-D0D73E5CBEEA}.AppStore|x64.Build.0 = Debug|Any CPU
		{B5BCA6D5-3A11-479D-B83E-D0D73E5CBEEA}.AppStore|x86.ActiveCfg = Debug|Any CPU
		{B5BCA6D5-3A11-479D-B83E-D0D73E5CBEEA}.AppStore|x86.Build.0 = Debug|Any CPU
		{B5BCA6D5-3A11-479D-B83E-D0D73E5CBEEA}.Debug|Any CPU.ActiveCfg = Debug|Any CPU
		{B5BCA6D5-3A11-479D-B83E-D0D73E5CBEEA}.Debug|Any CPU.Build.0 = Debug|Any CPU
		{B5BCA6D5-3A11-479D-B83E-D0D73E5CBEEA}.Debug|ARM.ActiveCfg = Debug|Any CPU
		{B5BCA6D5-3A11-479D-B83E-D0D73E5CBEEA}.Debug|ARM.Build.0 = Debug|Any CPU
		{B5BCA6D5-3A11-479D-B83E-D0D73E5CBEEA}.Debug|iPhone.ActiveCfg = Debug|Any CPU
		{B5BCA6D5-3A11-479D-B83E-D0D73E5CBEEA}.Debug|iPhone.Build.0 = Debug|Any CPU
		{B5BCA6D5-3A11-479D-B83E-D0D73E5CBEEA}.Debug|iPhoneSimulator.ActiveCfg = Debug|Any CPU
		{B5BCA6D5-3A11-479D-B83E-D0D73E5CBEEA}.Debug|iPhoneSimulator.Build.0 = Debug|Any CPU
		{B5BCA6D5-3A11-479D-B83E-D0D73E5CBEEA}.Debug|x64.ActiveCfg = Debug|Any CPU
		{B5BCA6D5-3A11-479D-B83E-D0D73E5CBEEA}.Debug|x64.Build.0 = Debug|Any CPU
		{B5BCA6D5-3A11-479D-B83E-D0D73E5CBEEA}.Debug|x86.ActiveCfg = Debug|Any CPU
		{B5BCA6D5-3A11-479D-B83E-D0D73E5CBEEA}.Debug|x86.Build.0 = Debug|Any CPU
		{B5BCA6D5-3A11-479D-B83E-D0D73E5CBEEA}.Release|Any CPU.ActiveCfg = Release|Any CPU
		{B5BCA6D5-3A11-479D-B83E-D0D73E5CBEEA}.Release|Any CPU.Build.0 = Release|Any CPU
		{B5BCA6D5-3A11-479D-B83E-D0D73E5CBEEA}.Release|ARM.ActiveCfg = Release|Any CPU
		{B5BCA6D5-3A11-479D-B83E-D0D73E5CBEEA}.Release|ARM.Build.0 = Release|Any CPU
		{B5BCA6D5-3A11-479D-B83E-D0D73E5CBEEA}.Release|iPhone.ActiveCfg = Release|Any CPU
		{B5BCA6D5-3A11-479D-B83E-D0D73E5CBEEA}.Release|iPhone.Build.0 = Release|Any CPU
		{B5BCA6D5-3A11-479D-B83E-D0D73E5CBEEA}.Release|iPhoneSimulator.ActiveCfg = Release|Any CPU
		{B5BCA6D5-3A11-479D-B83E-D0D73E5CBEEA}.Release|iPhoneSimulator.Build.0 = Release|Any CPU
		{B5BCA6D5-3A11-479D-B83E-D0D73E5CBEEA}.Release|x64.ActiveCfg = Release|Any CPU
		{B5BCA6D5-3A11-479D-B83E-D0D73E5CBEEA}.Release|x64.Build.0 = Release|Any CPU
		{B5BCA6D5-3A11-479D-B83E-D0D73E5CBEEA}.Release|x86.ActiveCfg = Release|Any CPU
		{B5BCA6D5-3A11-479D-B83E-D0D73E5CBEEA}.Release|x86.Build.0 = Release|Any CPU
		{86207912-A307-4E96-B11B-E575638B2F77}.Ad-Hoc|Any CPU.ActiveCfg = Debug|Any CPU
		{86207912-A307-4E96-B11B-E575638B2F77}.Ad-Hoc|Any CPU.Build.0 = Debug|Any CPU
		{86207912-A307-4E96-B11B-E575638B2F77}.Ad-Hoc|ARM.ActiveCfg = Debug|Any CPU
		{86207912-A307-4E96-B11B-E575638B2F77}.Ad-Hoc|ARM.Build.0 = Debug|Any CPU
		{86207912-A307-4E96-B11B-E575638B2F77}.Ad-Hoc|iPhone.ActiveCfg = Debug|Any CPU
		{86207912-A307-4E96-B11B-E575638B2F77}.Ad-Hoc|iPhone.Build.0 = Debug|Any CPU
		{86207912-A307-4E96-B11B-E575638B2F77}.Ad-Hoc|iPhoneSimulator.ActiveCfg = Debug|Any CPU
		{86207912-A307-4E96-B11B-E575638B2F77}.Ad-Hoc|iPhoneSimulator.Build.0 = Debug|Any CPU
		{86207912-A307-4E96-B11B-E575638B2F77}.Ad-Hoc|x64.ActiveCfg = Debug|Any CPU
		{86207912-A307-4E96-B11B-E575638B2F77}.Ad-Hoc|x64.Build.0 = Debug|Any CPU
		{86207912-A307-4E96-B11B-E575638B2F77}.Ad-Hoc|x86.ActiveCfg = Debug|Any CPU
		{86207912-A307-4E96-B11B-E575638B2F77}.Ad-Hoc|x86.Build.0 = Debug|Any CPU
		{86207912-A307-4E96-B11B-E575638B2F77}.AppStore|Any CPU.ActiveCfg = Debug|Any CPU
		{86207912-A307-4E96-B11B-E575638B2F77}.AppStore|Any CPU.Build.0 = Debug|Any CPU
		{86207912-A307-4E96-B11B-E575638B2F77}.AppStore|ARM.ActiveCfg = Debug|Any CPU
		{86207912-A307-4E96-B11B-E575638B2F77}.AppStore|ARM.Build.0 = Debug|Any CPU
		{86207912-A307-4E96-B11B-E575638B2F77}.AppStore|iPhone.ActiveCfg = Debug|Any CPU
		{86207912-A307-4E96-B11B-E575638B2F77}.AppStore|iPhone.Build.0 = Debug|Any CPU
		{86207912-A307-4E96-B11B-E575638B2F77}.AppStore|iPhoneSimulator.ActiveCfg = Debug|Any CPU
		{86207912-A307-4E96-B11B-E575638B2F77}.AppStore|iPhoneSimulator.Build.0 = Debug|Any CPU
		{86207912-A307-4E96-B11B-E575638B2F77}.AppStore|x64.ActiveCfg = Debug|Any CPU
		{86207912-A307-4E96-B11B-E575638B2F77}.AppStore|x64.Build.0 = Debug|Any CPU
		{86207912-A307-4E96-B11B-E575638B2F77}.AppStore|x86.ActiveCfg = Debug|Any CPU
		{86207912-A307-4E96-B11B-E575638B2F77}.AppStore|x86.Build.0 = Debug|Any CPU
		{86207912-A307-4E96-B11B-E575638B2F77}.Debug|Any CPU.ActiveCfg = Debug|Any CPU
		{86207912-A307-4E96-B11B-E575638B2F77}.Debug|Any CPU.Build.0 = Debug|Any CPU
		{86207912-A307-4E96-B11B-E575638B2F77}.Debug|ARM.ActiveCfg = Debug|Any CPU
		{86207912-A307-4E96-B11B-E575638B2F77}.Debug|ARM.Build.0 = Debug|Any CPU
		{86207912-A307-4E96-B11B-E575638B2F77}.Debug|iPhone.ActiveCfg = Debug|Any CPU
		{86207912-A307-4E96-B11B-E575638B2F77}.Debug|iPhone.Build.0 = Debug|Any CPU
		{86207912-A307-4E96-B11B-E575638B2F77}.Debug|iPhoneSimulator.ActiveCfg = Debug|Any CPU
		{86207912-A307-4E96-B11B-E575638B2F77}.Debug|iPhoneSimulator.Build.0 = Debug|Any CPU
		{86207912-A307-4E96-B11B-E575638B2F77}.Debug|x64.ActiveCfg = Debug|Any CPU
		{86207912-A307-4E96-B11B-E575638B2F77}.Debug|x64.Build.0 = Debug|Any CPU
		{86207912-A307-4E96-B11B-E575638B2F77}.Debug|x86.ActiveCfg = Debug|Any CPU
		{86207912-A307-4E96-B11B-E575638B2F77}.Debug|x86.Build.0 = Debug|Any CPU
		{86207912-A307-4E96-B11B-E575638B2F77}.Release|Any CPU.ActiveCfg = Release|Any CPU
		{86207912-A307-4E96-B11B-E575638B2F77}.Release|Any CPU.Build.0 = Release|Any CPU
		{86207912-A307-4E96-B11B-E575638B2F77}.Release|ARM.ActiveCfg = Release|Any CPU
		{86207912-A307-4E96-B11B-E575638B2F77}.Release|ARM.Build.0 = Release|Any CPU
		{86207912-A307-4E96-B11B-E575638B2F77}.Release|iPhone.ActiveCfg = Release|Any CPU
		{86207912-A307-4E96-B11B-E575638B2F77}.Release|iPhone.Build.0 = Release|Any CPU
		{86207912-A307-4E96-B11B-E575638B2F77}.Release|iPhoneSimulator.ActiveCfg = Release|Any CPU
		{86207912-A307-4E96-B11B-E575638B2F77}.Release|iPhoneSimulator.Build.0 = Release|Any CPU
		{86207912-A307-4E96-B11B-E575638B2F77}.Release|x64.ActiveCfg = Release|Any CPU
		{86207912-A307-4E96-B11B-E575638B2F77}.Release|x64.Build.0 = Release|Any CPU
		{86207912-A307-4E96-B11B-E575638B2F77}.Release|x86.ActiveCfg = Release|Any CPU
		{86207912-A307-4E96-B11B-E575638B2F77}.Release|x86.Build.0 = Release|Any CPU
		{064F4F3A-20F0-43FC-B02B-FB4373EB3192}.Ad-Hoc|Any CPU.ActiveCfg = Release|Any CPU
		{064F4F3A-20F0-43FC-B02B-FB4373EB3192}.Ad-Hoc|Any CPU.Build.0 = Release|Any CPU
		{064F4F3A-20F0-43FC-B02B-FB4373EB3192}.Ad-Hoc|ARM.ActiveCfg = Release|Any CPU
		{064F4F3A-20F0-43FC-B02B-FB4373EB3192}.Ad-Hoc|ARM.Build.0 = Release|Any CPU
		{064F4F3A-20F0-43FC-B02B-FB4373EB3192}.Ad-Hoc|iPhone.ActiveCfg = Release|Any CPU
		{064F4F3A-20F0-43FC-B02B-FB4373EB3192}.Ad-Hoc|iPhone.Build.0 = Release|Any CPU
		{064F4F3A-20F0-43FC-B02B-FB4373EB3192}.Ad-Hoc|iPhoneSimulator.ActiveCfg = Release|Any CPU
		{064F4F3A-20F0-43FC-B02B-FB4373EB3192}.Ad-Hoc|iPhoneSimulator.Build.0 = Release|Any CPU
		{064F4F3A-20F0-43FC-B02B-FB4373EB3192}.Ad-Hoc|x64.ActiveCfg = Release|Any CPU
		{064F4F3A-20F0-43FC-B02B-FB4373EB3192}.Ad-Hoc|x64.Build.0 = Release|Any CPU
		{064F4F3A-20F0-43FC-B02B-FB4373EB3192}.Ad-Hoc|x86.ActiveCfg = Release|Any CPU
		{064F4F3A-20F0-43FC-B02B-FB4373EB3192}.Ad-Hoc|x86.Build.0 = Release|Any CPU
		{064F4F3A-20F0-43FC-B02B-FB4373EB3192}.AppStore|Any CPU.ActiveCfg = Release|Any CPU
		{064F4F3A-20F0-43FC-B02B-FB4373EB3192}.AppStore|Any CPU.Build.0 = Release|Any CPU
		{064F4F3A-20F0-43FC-B02B-FB4373EB3192}.AppStore|ARM.ActiveCfg = Release|Any CPU
		{064F4F3A-20F0-43FC-B02B-FB4373EB3192}.AppStore|ARM.Build.0 = Release|Any CPU
		{064F4F3A-20F0-43FC-B02B-FB4373EB3192}.AppStore|iPhone.ActiveCfg = Release|Any CPU
		{064F4F3A-20F0-43FC-B02B-FB4373EB3192}.AppStore|iPhone.Build.0 = Release|Any CPU
		{064F4F3A-20F0-43FC-B02B-FB4373EB3192}.AppStore|iPhoneSimulator.ActiveCfg = Release|Any CPU
		{064F4F3A-20F0-43FC-B02B-FB4373EB3192}.AppStore|iPhoneSimulator.Build.0 = Release|Any CPU
		{064F4F3A-20F0-43FC-B02B-FB4373EB3192}.AppStore|x64.ActiveCfg = Release|Any CPU
		{064F4F3A-20F0-43FC-B02B-FB4373EB3192}.AppStore|x64.Build.0 = Release|Any CPU
		{064F4F3A-20F0-43FC-B02B-FB4373EB3192}.AppStore|x86.ActiveCfg = Release|Any CPU
		{064F4F3A-20F0-43FC-B02B-FB4373EB3192}.AppStore|x86.Build.0 = Release|Any CPU
		{064F4F3A-20F0-43FC-B02B-FB4373EB3192}.Debug|Any CPU.ActiveCfg = Debug|Any CPU
		{064F4F3A-20F0-43FC-B02B-FB4373EB3192}.Debug|Any CPU.Build.0 = Debug|Any CPU
		{064F4F3A-20F0-43FC-B02B-FB4373EB3192}.Debug|ARM.ActiveCfg = Debug|Any CPU
		{064F4F3A-20F0-43FC-B02B-FB4373EB3192}.Debug|ARM.Build.0 = Debug|Any CPU
		{064F4F3A-20F0-43FC-B02B-FB4373EB3192}.Debug|iPhone.ActiveCfg = Debug|Any CPU
		{064F4F3A-20F0-43FC-B02B-FB4373EB3192}.Debug|iPhone.Build.0 = Debug|Any CPU
		{064F4F3A-20F0-43FC-B02B-FB4373EB3192}.Debug|iPhoneSimulator.ActiveCfg = Debug|Any CPU
		{064F4F3A-20F0-43FC-B02B-FB4373EB3192}.Debug|iPhoneSimulator.Build.0 = Debug|Any CPU
		{064F4F3A-20F0-43FC-B02B-FB4373EB3192}.Debug|x64.ActiveCfg = Debug|Any CPU
		{064F4F3A-20F0-43FC-B02B-FB4373EB3192}.Debug|x64.Build.0 = Debug|Any CPU
		{064F4F3A-20F0-43FC-B02B-FB4373EB3192}.Debug|x86.ActiveCfg = Debug|Any CPU
		{064F4F3A-20F0-43FC-B02B-FB4373EB3192}.Debug|x86.Build.0 = Debug|Any CPU
		{064F4F3A-20F0-43FC-B02B-FB4373EB3192}.Release|Any CPU.ActiveCfg = Release|Any CPU
		{064F4F3A-20F0-43FC-B02B-FB4373EB3192}.Release|Any CPU.Build.0 = Release|Any CPU
		{064F4F3A-20F0-43FC-B02B-FB4373EB3192}.Release|ARM.ActiveCfg = Release|Any CPU
		{064F4F3A-20F0-43FC-B02B-FB4373EB3192}.Release|ARM.Build.0 = Release|Any CPU
		{064F4F3A-20F0-43FC-B02B-FB4373EB3192}.Release|iPhone.ActiveCfg = Release|Any CPU
		{064F4F3A-20F0-43FC-B02B-FB4373EB3192}.Release|iPhone.Build.0 = Release|Any CPU
		{064F4F3A-20F0-43FC-B02B-FB4373EB3192}.Release|iPhoneSimulator.ActiveCfg = Release|Any CPU
		{064F4F3A-20F0-43FC-B02B-FB4373EB3192}.Release|iPhoneSimulator.Build.0 = Release|Any CPU
		{064F4F3A-20F0-43FC-B02B-FB4373EB3192}.Release|x64.ActiveCfg = Release|Any CPU
		{064F4F3A-20F0-43FC-B02B-FB4373EB3192}.Release|x64.Build.0 = Release|Any CPU
		{064F4F3A-20F0-43FC-B02B-FB4373EB3192}.Release|x86.ActiveCfg = Release|Any CPU
		{064F4F3A-20F0-43FC-B02B-FB4373EB3192}.Release|x86.Build.0 = Release|Any CPU
	EndGlobalSection
	GlobalSection(SolutionProperties) = preSolution
		HideSolutionNode = FALSE
	EndGlobalSection
	GlobalSection(NestedProjects) = preSolution
		{E385B05C-D766-4D63-BFEF-F8E99AC9CCC3} = {DECE510F-BC13-4E42-AA80-0AF2C0AB276A}
		{0B852994-A189-4BC2-9C12-E5C5CBD46D43} = {DECE510F-BC13-4E42-AA80-0AF2C0AB276A}
		{5A5260A7-82D8-4E9D-B84F-EC98C8BFAA3D} = {FC985DCB-A493-4F2C-A769-CCC4E9EA3160}
		{A7FF4D7C-6EDD-4A0A-954D-01F710B1A80A} = {58CA0567-5BEF-468F-BC8E-04671EC93324}
		{A4F44CAD-276F-45CA-A4A9-FD1EF1E679F5} = {A7FF4D7C-6EDD-4A0A-954D-01F710B1A80A}
		{F45326F2-9C15-4313-B510-15B927CB7791} = {A7FF4D7C-6EDD-4A0A-954D-01F710B1A80A}
		{AE65D545-F26C-4026-A993-CFD1D37B2104} = {A7FF4D7C-6EDD-4A0A-954D-01F710B1A80A}
		{B5BCA6D5-3A11-479D-B83E-D0D73E5CBEEA} = {A7FF4D7C-6EDD-4A0A-954D-01F710B1A80A}
		{86207912-A307-4E96-B11B-E575638B2F77} = {361A7DAF-F1B3-4BB8-BDC2-704182AAB70D}
		{064F4F3A-20F0-43FC-B02B-FB4373EB3192} = {361A7DAF-F1B3-4BB8-BDC2-704182AAB70D}
	EndGlobalSection
	GlobalSection(ExtensibilityGlobals) = postSolution
		SolutionGuid = {7CC9D629-2907-47AF-8E3F-FC8574E22DF1}
	EndGlobalSection
EndGlobal
